// !$*UTF8*$!
{
	archiveVersion = 1;
	classes = {
	};
	objectVersion = 56;
	objects = {

/* Begin PBXBuildFile section */
		450B5C8A2981A00B00A68B16 /* CodingLabApp.swift in Sources */ = {isa = PBXBuildFile; fileRef = 450B5C892981A00B00A68B16 /* CodingLabApp.swift */; };
		450B5C8C2981A00B00A68B16 /* ContentView.swift in Sources */ = {isa = PBXBuildFile; fileRef = 450B5C8B2981A00B00A68B16 /* ContentView.swift */; };
		450B5C8E2981A00C00A68B16 /* Assets.xcassets in Resources */ = {isa = PBXBuildFile; fileRef = 450B5C8D2981A00C00A68B16 /* Assets.xcassets */; };
		450B5C912981A00C00A68B16 /* Preview Assets.xcassets in Resources */ = {isa = PBXBuildFile; fileRef = 450B5C902981A00C00A68B16 /* Preview Assets.xcassets */; };
		450B5C992981A03C00A68B16 /* CodeEditor in Frameworks */ = {isa = PBXBuildFile; productRef = 450B5C982981A03C00A68B16 /* CodeEditor */; };
		450B5C9B2981A65600A68B16 /* StringToHtmlView.swift in Sources */ = {isa = PBXBuildFile; fileRef = 450B5C9A2981A65600A68B16 /* StringToHtmlView.swift */; };
		450B5CA12981AFC600A68B16 /* FileManager.swift in Sources */ = {isa = PBXBuildFile; fileRef = 450B5CA02981AFC600A68B16 /* FileManager.swift */; };
		45B295862982FA100053B4FB /* HeaderButton.swift in Sources */ = {isa = PBXBuildFile; fileRef = 45B295852982FA100053B4FB /* HeaderButton.swift */; };
/* End PBXBuildFile section */

/* Begin PBXFileReference section */
		450B5C862981A00B00A68B16 /* CodingLab.app */ = {isa = PBXFileReference; explicitFileType = wrapper.application; includeInIndex = 0; path = CodingLab.app; sourceTree = BUILT_PRODUCTS_DIR; };
		450B5C892981A00B00A68B16 /* CodingLabApp.swift */ = {isa = PBXFileReference; lastKnownFileType = sourcecode.swift; path = CodingLabApp.swift; sourceTree = "<group>"; };
		450B5C8B2981A00B00A68B16 /* ContentView.swift */ = {isa = PBXFileReference; lastKnownFileType = sourcecode.swift; path = ContentView.swift; sourceTree = "<group>"; };
		450B5C8D2981A00C00A68B16 /* Assets.xcassets */ = {isa = PBXFileReference; lastKnownFileType = folder.assetcatalog; path = Assets.xcassets; sourceTree = "<group>"; };
		450B5C902981A00C00A68B16 /* Preview Assets.xcassets */ = {isa = PBXFileReference; lastKnownFileType = folder.assetcatalog; path = "Preview Assets.xcassets"; sourceTree = "<group>"; };
		450B5C9A2981A65600A68B16 /* StringToHtmlView.swift */ = {isa = PBXFileReference; lastKnownFileType = sourcecode.swift; path = StringToHtmlView.swift; sourceTree = "<group>"; };
		450B5CA02981AFC600A68B16 /* FileManager.swift */ = {isa = PBXFileReference; lastKnownFileType = sourcecode.swift; path = FileManager.swift; sourceTree = "<group>"; };
		45B295852982FA100053B4FB /* HeaderButton.swift */ = {isa = PBXFileReference; lastKnownFileType = sourcecode.swift; path = HeaderButton.swift; sourceTree = "<group>"; };
/* End PBXFileReference section */

/* Begin PBXFrameworksBuildPhase section */
		450B5C832981A00B00A68B16 /* Frameworks */ = {
			isa = PBXFrameworksBuildPhase;
			buildActionMask = 2147483647;
			files = (
				450B5C992981A03C00A68B16 /* CodeEditor in Frameworks */,
			);
			runOnlyForDeploymentPostprocessing = 0;
		};
/* End PBXFrameworksBuildPhase section */

/* Begin PBXGroup section */
		450B5C7D2981A00B00A68B16 = {
			isa = PBXGroup;
			children = (
				450B5C882981A00B00A68B16 /* CodingLab */,
				450B5C872981A00B00A68B16 /* Products */,
			);
			sourceTree = "<group>";
		};
		450B5C872981A00B00A68B16 /* Products */ = {
			isa = PBXGroup;
			children = (
				450B5C862981A00B00A68B16 /* CodingLab.app */,
			);
			name = Products;
			sourceTree = "<group>";
		};
		450B5C882981A00B00A68B16 /* CodingLab */ = {
			isa = PBXGroup;
			children = (
				450B5C9F2981AFB300A68B16 /* FileManager */,
				450B5C9E2981AFAE00A68B16 /* Core */,
				450B5C892981A00B00A68B16 /* CodingLabApp.swift */,
				450B5C8D2981A00C00A68B16 /* Assets.xcassets */,
				450B5C8F2981A00C00A68B16 /* Preview Content */,
			);
			path = CodingLab;
			sourceTree = "<group>";
		};
		450B5C8F2981A00C00A68B16 /* Preview Content */ = {
			isa = PBXGroup;
			children = (
				450B5C902981A00C00A68B16 /* Preview Assets.xcassets */,
			);
			path = "Preview Content";
			sourceTree = "<group>";
		};
		450B5C9E2981AFAE00A68B16 /* Core */ = {
			isa = PBXGroup;
			children = (
				45B295822982F9C80053B4FB /* Components */,
				4558FE302982E95C00836300 /* Views */,
			);
			path = Core;
			sourceTree = "<group>";
		};
		450B5C9F2981AFB300A68B16 /* FileManager */ = {
			isa = PBXGroup;
			children = (
				450B5CA02981AFC600A68B16 /* FileManager.swift */,
			);
			path = FileManager;
			sourceTree = "<group>";
		};
		4558FE302982E95C00836300 /* Views */ = {
			isa = PBXGroup;
			children = (
				450B5C8B2981A00B00A68B16 /* ContentView.swift */,
				450B5C9A2981A65600A68B16 /* StringToHtmlView.swift */,
			);
			path = Views;
			sourceTree = "<group>";
		};
		45B295822982F9C80053B4FB /* Components */ = {
			isa = PBXGroup;
			children = (
				45B295852982FA100053B4FB /* HeaderButton.swift */,
			);
			path = Components;
			sourceTree = "<group>";
		};
/* End PBXGroup section */

/* Begin PBXNativeTarget section */
		450B5C852981A00B00A68B16 /* CodingLab */ = {
			isa = PBXNativeTarget;
			buildConfigurationList = 450B5C942981A00C00A68B16 /* Build configuration list for PBXNativeTarget "CodingLab" */;
			buildPhases = (
				450B5C822981A00B00A68B16 /* Sources */,
				450B5C832981A00B00A68B16 /* Frameworks */,
				450B5C842981A00B00A68B16 /* Resources */,
			);
			buildRules = (
			);
			dependencies = (
			);
			name = CodingLab;
			packageProductDependencies = (
				450B5C982981A03C00A68B16 /* CodeEditor */,
			);
			productName = CodingLab;
			productReference = 450B5C862981A00B00A68B16 /* CodingLab.app */;
			productType = "com.apple.product-type.application";
		};
/* End PBXNativeTarget section */

/* Begin PBXProject section */
		450B5C7E2981A00B00A68B16 /* Project object */ = {
			isa = PBXProject;
			attributes = {
				BuildIndependentTargetsInParallel = 1;
				LastSwiftUpdateCheck = 1420;
				LastUpgradeCheck = 1420;
				TargetAttributes = {
					450B5C852981A00B00A68B16 = {
						CreatedOnToolsVersion = 14.2;
					};
				};
			};
			buildConfigurationList = 450B5C812981A00B00A68B16 /* Build configuration list for PBXProject "CodingLab" */;
			compatibilityVersion = "Xcode 14.0";
			developmentRegion = en;
			hasScannedForEncodings = 0;
			knownRegions = (
				en,
				Base,
			);
			mainGroup = 450B5C7D2981A00B00A68B16;
			packageReferences = (
				450B5C972981A03C00A68B16 /* XCRemoteSwiftPackageReference "CodeEditor" */,
			);
			productRefGroup = 450B5C872981A00B00A68B16 /* Products */;
			projectDirPath = "";
			projectRoot = "";
			targets = (
				450B5C852981A00B00A68B16 /* CodingLab */,
			);
		};
/* End PBXProject section */

/* Begin PBXResourcesBuildPhase section */
		450B5C842981A00B00A68B16 /* Resources */ = {
			isa = PBXResourcesBuildPhase;
			buildActionMask = 2147483647;
			files = (
				450B5C912981A00C00A68B16 /* Preview Assets.xcassets in Resources */,
				450B5C8E2981A00C00A68B16 /* Assets.xcassets in Resources */,
			);
			runOnlyForDeploymentPostprocessing = 0;
		};
/* End PBXResourcesBuildPhase section */

/* Begin PBXSourcesBuildPhase section */
		450B5C822981A00B00A68B16 /* Sources */ = {
			isa = PBXSourcesBuildPhase;
			buildActionMask = 2147483647;
			files = (
				450B5CA12981AFC600A68B16 /* FileManager.swift in Sources */,
				450B5C8C2981A00B00A68B16 /* ContentView.swift in Sources */,
				45B295862982FA100053B4FB /* HeaderButton.swift in Sources */,
				450B5C9B2981A65600A68B16 /* StringToHtmlView.swift in Sources */,
				450B5C8A2981A00B00A68B16 /* CodingLabApp.swift in Sources */,
			);
			runOnlyForDeploymentPostprocessing = 0;
		};
/* End PBXSourcesBuildPhase section */

/* Begin XCBuildConfiguration section */
		450B5C922981A00C00A68B16 /* Debug */ = {
			isa = XCBuildConfiguration;
			buildSettings = {
				ALWAYS_SEARCH_USER_PATHS = NO;
				CLANG_ANALYZER_NONNULL = YES;
				CLANG_ANALYZER_NUMBER_OBJECT_CONVERSION = YES_AGGRESSIVE;
				CLANG_CXX_LANGUAGE_STANDARD = "gnu++20";
				CLANG_ENABLE_MODULES = YES;
				CLANG_ENABLE_OBJC_ARC = YES;
				CLANG_ENABLE_OBJC_WEAK = YES;
				CLANG_WARN_BLOCK_CAPTURE_AUTORELEASING = YES;
				CLANG_WARN_BOOL_CONVERSION = YES;
				CLANG_WARN_COMMA = YES;
				CLANG_WARN_CONSTANT_CONVERSION = YES;
				CLANG_WARN_DEPRECATED_OBJC_IMPLEMENTATIONS = YES;
				CLANG_WARN_DIRECT_OBJC_ISA_USAGE = YES_ERROR;
				CLANG_WARN_DOCUMENTATION_COMMENTS = YES;
				CLANG_WARN_EMPTY_BODY = YES;
				CLANG_WARN_ENUM_CONVERSION = YES;
				CLANG_WARN_INFINITE_RECURSION = YES;
				CLANG_WARN_INT_CONVERSION = YES;
				CLANG_WARN_NON_LITERAL_NULL_CONVERSION = YES;
				CLANG_WARN_OBJC_IMPLICIT_RETAIN_SELF = YES;
				CLANG_WARN_OBJC_LITERAL_CONVERSION = YES;
				CLANG_WARN_OBJC_ROOT_CLASS = YES_ERROR;
				CLANG_WARN_QUOTED_INCLUDE_IN_FRAMEWORK_HEADER = YES;
				CLANG_WARN_RANGE_LOOP_ANALYSIS = YES;
				CLANG_WARN_STRICT_PROTOTYPES = YES;
				CLANG_WARN_SUSPICIOUS_MOVE = YES;
				CLANG_WARN_UNGUARDED_AVAILABILITY = YES_AGGRESSIVE;
				CLANG_WARN_UNREACHABLE_CODE = YES;
				CLANG_WARN__DUPLICATE_METHOD_MATCH = YES;
				COPY_PHASE_STRIP = NO;
				DEBUG_INFORMATION_FORMAT = dwarf;
				ENABLE_STRICT_OBJC_MSGSEND = YES;
				ENABLE_TESTABILITY = YES;
				GCC_C_LANGUAGE_STANDARD = gnu11;
				GCC_DYNAMIC_NO_PIC = NO;
				GCC_NO_COMMON_BLOCKS = YES;
				GCC_OPTIMIZATION_LEVEL = 0;
				GCC_PREPROCESSOR_DEFINITIONS = (
					"DEBUG=1",
					"$(inherited)",
				);
				GCC_WARN_64_TO_32_BIT_CONVERSION = YES;
				GCC_WARN_ABOUT_RETURN_TYPE = YES_ERROR;
				GCC_WARN_UNDECLARED_SELECTOR = YES;
				GCC_WARN_UNINITIALIZED_AUTOS = YES_AGGRESSIVE;
				GCC_WARN_UNUSED_FUNCTION = YES;
				GCC_WARN_UNUSED_VARIABLE = YES;
				IPHONEOS_DEPLOYMENT_TARGET = 16.2;
				MTL_ENABLE_DEBUG_INFO = INCLUDE_SOURCE;
				MTL_FAST_MATH = YES;
				ONLY_ACTIVE_ARCH = YES;
				SDKROOT = iphoneos;
				SWIFT_ACTIVE_COMPILATION_CONDITIONS = DEBUG;
				SWIFT_OPTIMIZATION_LEVEL = "-Onone";
			};
			name = Debug;
		};
		450B5C932981A00C00A68B16 /* Release */ = {
			isa = XCBuildConfiguration;
			buildSettings = {
				ALWAYS_SEARCH_USER_PATHS = NO;
				CLANG_ANALYZER_NONNULL = YES;
				CLANG_ANALYZER_NUMBER_OBJECT_CONVERSION = YES_AGGRESSIVE;
				CLANG_CXX_LANGUAGE_STANDARD = "gnu++20";
				CLANG_ENABLE_MODULES = YES;
				CLANG_ENABLE_OBJC_ARC = YES;
				CLANG_ENABLE_OBJC_WEAK = YES;
				CLANG_WARN_BLOCK_CAPTURE_AUTORELEASING = YES;
				CLANG_WARN_BOOL_CONVERSION = YES;
				CLANG_WARN_COMMA = YES;
				CLANG_WARN_CONSTANT_CONVERSION = YES;
				CLANG_WARN_DEPRECATED_OBJC_IMPLEMENTATIONS = YES;
				CLANG_WARN_DIRECT_OBJC_ISA_USAGE = YES_ERROR;
				CLANG_WARN_DOCUMENTATION_COMMENTS = YES;
				CLANG_WARN_EMPTY_BODY = YES;
				CLANG_WARN_ENUM_CONVERSION = YES;
				CLANG_WARN_INFINITE_RECURSION = YES;
				CLANG_WARN_INT_CONVERSION = YES;
				CLANG_WARN_NON_LITERAL_NULL_CONVERSION = YES;
				CLANG_WARN_OBJC_IMPLICIT_RETAIN_SELF = YES;
				CLANG_WARN_OBJC_LITERAL_CONVERSION = YES;
				CLANG_WARN_OBJC_ROOT_CLASS = YES_ERROR;
				CLANG_WARN_QUOTED_INCLUDE_IN_FRAMEWORK_HEADER = YES;
				CLANG_WARN_RANGE_LOOP_ANALYSIS = YES;
				CLANG_WARN_STRICT_PROTOTYPES = YES;
				CLANG_WARN_SUSPICIOUS_MOVE = YES;
				CLANG_WARN_UNGUARDED_AVAILABILITY = YES_AGGRESSIVE;
				CLANG_WARN_UNREACHABLE_CODE = YES;
				CLANG_WARN__DUPLICATE_METHOD_MATCH = YES;
				COPY_PHASE_STRIP = NO;
				DEBUG_INFORMATION_FORMAT = "dwarf-with-dsym";
				ENABLE_NS_ASSERTIONS = NO;
				ENABLE_STRICT_OBJC_MSGSEND = YES;
				GCC_C_LANGUAGE_STANDARD = gnu11;
				GCC_NO_COMMON_BLOCKS = YES;
				GCC_WARN_64_TO_32_BIT_CONVERSION = YES;
				GCC_WARN_ABOUT_RETURN_TYPE = YES_ERROR;
				GCC_WARN_UNDECLARED_SELECTOR = YES;
				GCC_WARN_UNINITIALIZED_AUTOS = YES_AGGRESSIVE;
				GCC_WARN_UNUSED_FUNCTION = YES;
				GCC_WARN_UNUSED_VARIABLE = YES;
				IPHONEOS_DEPLOYMENT_TARGET = 16.2;
				MTL_ENABLE_DEBUG_INFO = NO;
				MTL_FAST_MATH = YES;
				SDKROOT = iphoneos;
				SWIFT_COMPILATION_MODE = wholemodule;
				SWIFT_OPTIMIZATION_LEVEL = "-O";
				VALIDATE_PRODUCT = YES;
			};
			name = Release;
		};
		450B5C952981A00C00A68B16 /* Debug */ = {
			isa = XCBuildConfiguration;
			buildSettings = {
				ASSETCATALOG_COMPILER_APPICON_NAME = AppIcon;
				ASSETCATALOG_COMPILER_GLOBAL_ACCENT_COLOR_NAME = AccentColor;
				CODE_SIGN_STYLE = Automatic;
				CURRENT_PROJECT_VERSION = 1;
				DEVELOPMENT_ASSET_PATHS = "\"CodingLab/Preview Content\"";
				DEVELOPMENT_TEAM = Y457UX6652;
				ENABLE_PREVIEWS = YES;
				GENERATE_INFOPLIST_FILE = YES;
				INFOPLIST_KEY_UIApplicationSceneManifest_Generation = YES;
				INFOPLIST_KEY_UIApplicationSupportsIndirectInputEvents = YES;
				INFOPLIST_KEY_UILaunchScreen_Generation = YES;
				INFOPLIST_KEY_UISupportedInterfaceOrientations_iPad = "UIInterfaceOrientationPortrait UIInterfaceOrientationPortraitUpsideDown UIInterfaceOrientationLandscapeLeft UIInterfaceOrientationLandscapeRight";
				INFOPLIST_KEY_UISupportedInterfaceOrientations_iPhone = "UIInterfaceOrientationPortrait UIInterfaceOrientationLandscapeLeft UIInterfaceOrientationLandscapeRight";
				LD_RUNPATH_SEARCH_PATHS = (
					"$(inherited)",
					"@executable_path/Frameworks",
				);
				MARKETING_VERSION = 1.0;
				PRODUCT_BUNDLE_IDENTIFIER = furkancosgun.CodingLab;
				PRODUCT_NAME = "$(TARGET_NAME)";
				SWIFT_EMIT_LOC_STRINGS = YES;
				SWIFT_VERSION = 5.0;
				TARGETED_DEVICE_FAMILY = "1,2";
			};
			name = Debug;
		};
		450B5C962981A00C00A68B16 /* Release */ = {
			isa = XCBuildConfiguration;
			buildSettings = {
				ASSETCATALOG_COMPILER_APPICON_NAME = AppIcon;
				ASSETCATALOG_COMPILER_GLOBAL_ACCENT_COLOR_NAME = AccentColor;
				CODE_SIGN_STYLE = Automatic;
				CURRENT_PROJECT_VERSION = 1;
				DEVELOPMENT_ASSET_PATHS = "\"CodingLab/Preview Content\"";
				DEVELOPMENT_TEAM = Y457UX6652;
				ENABLE_PREVIEWS = YES;
				GENERATE_INFOPLIST_FILE = YES;
				INFOPLIST_KEY_UIApplicationSceneManifest_Generation = YES;
				INFOPLIST_KEY_UIApplicationSupportsIndirectInputEvents = YES;
				INFOPLIST_KEY_UILaunchScreen_Generation = YES;
				INFOPLIST_KEY_UISupportedInterfaceOrientations_iPad = "UIInterfaceOrientationPortrait UIInterfaceOrientationPortraitUpsideDown UIInterfaceOrientationLandscapeLeft UIInterfaceOrientationLandscapeRight";
				INFOPLIST_KEY_UISupportedInterfaceOrientations_iPhone = "UIInterfaceOrientationPortrait UIInterfaceOrientationLandscapeLeft UIInterfaceOrientationLandscapeRight";
				LD_RUNPATH_SEARCH_PATHS = (
					"$(inherited)",
					"@executable_path/Frameworks",
				);
				MARKETING_VERSION = 1.0;
				PRODUCT_BUNDLE_IDENTIFIER = furkancosgun.CodingLab;
				PRODUCT_NAME = "$(TARGET_NAME)";
				SWIFT_EMIT_LOC_STRINGS = YES;
				SWIFT_VERSION = 5.0;
				TARGETED_DEVICE_FAMILY = "1,2";
			};
			name = Release;
		};
/* End XCBuildConfiguration section */

/* Begin XCConfigurationList section */
		450B5C812981A00B00A68B16 /* Build configuration list for PBXProject "CodingLab" */ = {
			isa = XCConfigurationList;
			buildConfigurations = (
				450B5C922981A00C00A68B16 /* Debug */,
				450B5C932981A00C00A68B16 /* Release */,
			);
			defaultConfigurationIsVisible = 0;
			defaultConfigurationName = Release;
		};
		450B5C942981A00C00A68B16 /* Build configuration list for PBXNativeTarget "CodingLab" */ = {
			isa = XCConfigurationList;
			buildConfigurations = (
				450B5C952981A00C00A68B16 /* Debug */,
				450B5C962981A00C00A68B16 /* Release */,
			);
			defaultConfigurationIsVisible = 0;
			defaultConfigurationName = Release;
		};
/* End XCConfigurationList section */

/* Begin XCRemoteSwiftPackageReference section */
		450B5C972981A03C00A68B16 /* XCRemoteSwiftPackageReference "CodeEditor" */ = {
			isa = XCRemoteSwiftPackageReference;
			repositoryURL = "https://github.com/ZeeZide/CodeEditor.git";
			requirement = {
				branch = main;
				kind = branch;
			};
		};
/* End XCRemoteSwiftPackageReference section */

/* Begin XCSwiftPackageProductDependency section */
		450B5C982981A03C00A68B16 /* CodeEditor */ = {
			isa = XCSwiftPackageProductDependency;
			package = 450B5C972981A03C00A68B16 /* XCRemoteSwiftPackageReference "CodeEditor" */;
			productName = CodeEditor;
		};
/* End XCSwiftPackageProductDependency section */
	};
	rootObject = 450B5C7E2981A00B00A68B16 /* Project object */;
}
